
Microsoft Visual Studio Solution File, Format Version 12.00
# Visual Studio Version 17
VisualStudioVersion = 17.9.34714.143
MinimumVisualStudioVersion = 10.0.40219.1
Project("{FAE04EC0-301F-11D3-BF4B-00C04F79EFBC}") = "library_support_system", "library_support_system\library_support_system.csproj", "{2A228948-4A7D-434E-AF3E-005BFDA54D19}"
EndProject
Project("{FAE04EC0-301F-11D3-BF4B-00C04F79EFBC}") = "IFW.Data", "IFW.DATA\IFW.Data.csproj", "{8D481BD9-C1E2-4471-95FA-4276FBF143A3}"
EndProject
Global
	GlobalSection(SolutionConfigurationPlatforms) = preSolution
		Debug|Any CPU = Debug|Any CPU
		Release|Any CPU = Release|Any CPU
	EndGlobalSection
	GlobalSection(ProjectConfigurationPlatforms) = postSolution
		{2A228948-4A7D-434E-AF3E-005BFDA54D19}.Debug|Any CPU.ActiveCfg = Debug|Any CPU
		{2A228948-4A7D-434E-AF3E-005BFDA54D19}.Debug|Any CPU.Build.0 = Debug|Any CPU
		{2A228948-4A7D-434E-AF3E-005BFDA54D19}.Release|Any CPU.ActiveCfg = Release|Any CPU
		{2A228948-4A7D-434E-AF3E-005BFDA54D19}.Release|Any CPU.Build.0 = Release|Any CPU
		{8D481BD9-C1E2-4471-95FA-4276FBF143A3}.Debug|Any CPU.ActiveCfg = Debug|Any CPU
		{8D481BD9-C1E2-4471-95FA-4276FBF143A3}.Debug|Any CPU.Build.0 = Debug|Any CPU
		{8D481BD9-C1E2-4471-95FA-4276FBF143A3}.Release|Any CPU.ActiveCfg = Release|Any CPU
		{8D481BD9-C1E2-4471-95FA-4276FBF143A3}.Release|Any CPU.Build.0 = Release|Any CPU
	EndGlobalSection
	GlobalSection(SolutionProperties) = preSolution
		HideSolutionNode = FALSE
	EndGlobalSection
	GlobalSection(ExtensibilityGlobals) = postSolution
		SolutionGuid = {86283E72-64FF-4033-9935-8E3A84CDE223}
	EndGlobalSection
EndGlobal
